
Microsoft Visual Studio Solution File, Format Version 12.00
# Visual Studio Version 17
VisualStudioVersion = 17.8.34322.80
MinimumVisualStudioVersion = 10.0.40219.1
Project("{2150E333-8FDC-42A3-9474-1A3956D46DE8}") = "Solution Items", "Solution Items", "{51C8A713-4274-44CD-9B10-B63984534532}"
	ProjectSection(SolutionItems) = preProject
		..\CHANGELOG.md = ..\CHANGELOG.md
		..\README.md = ..\README.md
	EndProjectSection
EndProject
Project("{9A19103F-16F7-4668-BE54-9A1E7A4F7556}") = "Rrs.Wpf", "Rrs.Wpf\Rrs.Wpf.csproj", "{677134F4-0313-4806-AB8C-6DA593F7DCB9}"
EndProject
Project("{FAE04EC0-301F-11D3-BF4B-00C04F79EFBC}") = "TestApp", "TestApp\TestApp.csproj", "{5A0EB70B-9F3B-4623-BB6F-DF1F332A178F}"
EndProject
Global
	GlobalSection(SolutionConfigurationPlatforms) = preSolution
		Debug|Any CPU = Debug|Any CPU
		Release|Any CPU = Release|Any CPU
	EndGlobalSection
	GlobalSection(ProjectConfigurationPlatforms) = postSolution
		{677134F4-0313-4806-AB8C-6DA593F7DCB9}.Debug|Any CPU.ActiveCfg = Debug|Any CPU
		{677134F4-0313-4806-AB8C-6DA593F7DCB9}.Debug|Any CPU.Build.0 = Debug|Any CPU
		{677134F4-0313-4806-AB8C-6DA593F7DCB9}.Release|Any CPU.ActiveCfg = Release|Any CPU
		{677134F4-0313-4806-AB8C-6DA593F7DCB9}.Release|Any CPU.Build.0 = Release|Any CPU
		{5A0EB70B-9F3B-4623-BB6F-DF1F332A178F}.Debug|Any CPU.ActiveCfg = Debug|Any CPU
		{5A0EB70B-9F3B-4623-BB6F-DF1F332A178F}.Debug|Any CPU.Build.0 = Debug|Any CPU
		{5A0EB70B-9F3B-4623-BB6F-DF1F332A178F}.Release|Any CPU.ActiveCfg = Release|Any CPU
		{5A0EB70B-9F3B-4623-BB6F-DF1F332A178F}.Release|Any CPU.Build.0 = Release|Any CPU
	EndGlobalSection
	GlobalSection(SolutionProperties) = preSolution
		HideSolutionNode = FALSE
	EndGlobalSection
	GlobalSection(ExtensibilityGlobals) = postSolution
		SolutionGuid = {3F4DF9C9-DEDF-4E4D-BDE2-CB501FCB182B}
	EndGlobalSection
EndGlobal
